
Microsoft Visual Studio Solution File, Format Version 12.00
# Visual Studio Version 17
VisualStudioVersion = 17.9.34728.123
MinimumVisualStudioVersion = 10.0.40219.1
Project("{9A19103F-16F7-4668-BE54-9A1E7A4F7556}") = "EcomWebLocal", "EcomWebLocal\EcomWebLocal.csproj", "{9DEDDDE5-5713-495E-96EB-D202DC786AF1}"
EndProject
Project("{FAE04EC0-301F-11D3-BF4B-00C04F79EFBC}") = "EcomWebLocal.DataAccess", "EcomWebLocal.DataAccess\EcomWebLocal.DataAccess.csproj", "{282433EB-EEA5-49CC-8AC7-B445F82748A6}"
EndProject
Project("{FAE04EC0-301F-11D3-BF4B-00C04F79EFBC}") = "EcomWebLocal.Models", "EcomWebLocal.Models\EcomWebLocal.Models.csproj", "{2C1C86E1-2E18-4EB2-8F3F-49B35B4BEF20}"
EndProject
Project("{FAE04EC0-301F-11D3-BF4B-00C04F79EFBC}") = "EcomWebLocal.Utility", "EcomWebLocal.Utility\EcomWebLocal.Utility.csproj", "{E63E454C-E9C2-4057-AF4A-1454C337433B}"
EndProject
Global
	GlobalSection(SolutionConfigurationPlatforms) = preSolution
		Debug|Any CPU = Debug|Any CPU
		Release|Any CPU = Release|Any CPU
	EndGlobalSection
	GlobalSection(ProjectConfigurationPlatforms) = postSolution
		{9DEDDDE5-5713-495E-96EB-D202DC786AF1}.Debug|Any CPU.ActiveCfg = Debug|Any CPU
		{9DEDDDE5-5713-495E-96EB-D202DC786AF1}.Debug|Any CPU.Build.0 = Debug|Any CPU
		{9DEDDDE5-5713-495E-96EB-D202DC786AF1}.Release|Any CPU.ActiveCfg = Release|Any CPU
		{9DEDDDE5-5713-495E-96EB-D202DC786AF1}.Release|Any CPU.Build.0 = Release|Any CPU
		{282433EB-EEA5-49CC-8AC7-B445F82748A6}.Debug|Any CPU.ActiveCfg = Debug|Any CPU
		{282433EB-EEA5-49CC-8AC7-B445F82748A6}.Debug|Any CPU.Build.0 = Debug|Any CPU
		{282433EB-EEA5-49CC-8AC7-B445F82748A6}.Release|Any CPU.ActiveCfg = Release|Any CPU
		{282433EB-EEA5-49CC-8AC7-B445F82748A6}.Release|Any CPU.Build.0 = Release|Any CPU
		{2C1C86E1-2E18-4EB2-8F3F-49B35B4BEF20}.Debug|Any CPU.ActiveCfg = Debug|Any CPU
		{2C1C86E1-2E18-4EB2-8F3F-49B35B4BEF20}.Debug|Any CPU.Build.0 = Debug|Any CPU
		{2C1C86E1-2E18-4EB2-8F3F-49B35B4BEF20}.Release|Any CPU.ActiveCfg = Release|Any CPU
		{2C1C86E1-2E18-4EB2-8F3F-49B35B4BEF20}.Release|Any CPU.Build.0 = Release|Any CPU
		{E63E454C-E9C2-4057-AF4A-1454C337433B}.Debug|Any CPU.ActiveCfg = Debug|Any CPU
		{E63E454C-E9C2-4057-AF4A-1454C337433B}.Debug|Any CPU.Build.0 = Debug|Any CPU
		{E63E454C-E9C2-4057-AF4A-1454C337433B}.Release|Any CPU.ActiveCfg = Release|Any CPU
		{E63E454C-E9C2-4057-AF4A-1454C337433B}.Release|Any CPU.Build.0 = Release|Any CPU
	EndGlobalSection
	GlobalSection(SolutionProperties) = preSolution
		HideSolutionNode = FALSE
	EndGlobalSection
	GlobalSection(ExtensibilityGlobals) = postSolution
		SolutionGuid = {A37AAA4C-449E-43A3-9886-BBD467DBF1EB}
	EndGlobalSection
EndGlobal
